
Microsoft Visual Studio Solution File, Format Version 12.00
# Visual Studio Version 16
VisualStudioVersion = 16.0.29728.190
MinimumVisualStudioVersion = 10.0.40219.1
Project("{FAE04EC0-301F-11D3-BF4B-00C04F79EFBC}") = "Lab02_5B", "Lab02_5B\Lab02_5B.csproj", "{0726158A-FF3A-442F-9AEC-4E42AF9FF893}"
EndProject
Global
	GlobalSection(SolutionConfigurationPlatforms) = preSolution
		Debug|Any CPU = Debug|Any CPU
		Release|Any CPU = Release|Any CPU
	EndGlobalSection
	GlobalSection(ProjectConfigurationPlatforms) = postSolution
		{0726158A-FF3A-442F-9AEC-4E42AF9FF893}.Debug|Any CPU.ActiveCfg = Debug|Any CPU
		{0726158A-FF3A-442F-9AEC-4E42AF9FF893}.Debug|Any CPU.Build.0 = Debug|Any CPU
		{0726158A-FF3A-442F-9AEC-4E42AF9FF893}.Release|Any CPU.ActiveCfg = Release|Any CPU
		{0726158A-FF3A-442F-9AEC-4E42AF9FF893}.Release|Any CPU.Build.0 = Release|Any CPU
	EndGlobalSection
	GlobalSection(SolutionProperties) = preSolution
		HideSolutionNode = FALSE
	EndGlobalSection
	GlobalSection(ExtensibilityGlobals) = postSolution
		SolutionGuid = {C0C2B659-A166-475B-BC2F-DBEA27E2807B}
	EndGlobalSection
EndGlobal
